
Microsoft Visual Studio Solution File, Format Version 12.00
# Visual Studio 14
VisualStudioVersion = 14.0.25420.1
MinimumVisualStudioVersion = 10.0.40219.1
Project("{FAE04EC0-301F-11D3-BF4B-00C04F79EFBC}") = "Nullable_Types", "Nullable_Types\Nullable_Types.csproj", "{1F680EF7-1C03-4E95-BB7C-D7F119178F74}"
EndProject
Project("{FAE04EC0-301F-11D3-BF4B-00C04F79EFBC}") = "Nullable_types2", "Nullable_types2\Nullable_types2.csproj", "{DB910BD6-A5DB-4490-8425-F92B29812FEA}"
EndProject
Global
	GlobalSection(SolutionConfigurationPlatforms) = preSolution
		Debug|Any CPU = Debug|Any CPU
		Release|Any CPU = Release|Any CPU
	EndGlobalSection
	GlobalSection(ProjectConfigurationPlatforms) = postSolution
		{1F680EF7-1C03-4E95-BB7C-D7F119178F74}.Debug|Any CPU.ActiveCfg = Debug|Any CPU
		{1F680EF7-1C03-4E95-BB7C-D7F119178F74}.Debug|Any CPU.Build.0 = Debug|Any CPU
		{1F680EF7-1C03-4E95-BB7C-D7F119178F74}.Release|Any CPU.ActiveCfg = Release|Any CPU
		{1F680EF7-1C03-4E95-BB7C-D7F119178F74}.Release|Any CPU.Build.0 = Release|Any CPU
		{DB910BD6-A5DB-4490-8425-F92B29812FEA}.Debug|Any CPU.ActiveCfg = Debug|Any CPU
		{DB910BD6-A5DB-4490-8425-F92B29812FEA}.Debug|Any CPU.Build.0 = Debug|Any CPU
		{DB910BD6-A5DB-4490-8425-F92B29812FEA}.Release|Any CPU.ActiveCfg = Release|Any CPU
		{DB910BD6-A5DB-4490-8425-F92B29812FEA}.Release|Any CPU.Build.0 = Release|Any CPU
	EndGlobalSection
	GlobalSection(SolutionProperties) = preSolution
		HideSolutionNode = FALSE
	EndGlobalSection
EndGlobal
